// !$*UTF8*$!
{
	archiveVersion = 1;
	classes = {
	};
	objectVersion = 55;
	objects = {

/* Begin PBXBuildFile section */
		CD509A142821C91D00896F18 /* NumberList.swift in Sources */ = {isa = PBXBuildFile; fileRef = CD509A132821C91D00896F18 /* NumberList.swift */; };
		CD7BE52328203EC5006B0537 /* PersonsListSwiftUIApp.swift in Sources */ = {isa = PBXBuildFile; fileRef = CD7BE52228203EC5006B0537 /* PersonsListSwiftUIApp.swift */; };
		CD7BE52528203EC5006B0537 /* ContentView.swift in Sources */ = {isa = PBXBuildFile; fileRef = CD7BE52428203EC5006B0537 /* ContentView.swift */; };
		CD7BE52728203EC8006B0537 /* Assets.xcassets in Resources */ = {isa = PBXBuildFile; fileRef = CD7BE52628203EC8006B0537 /* Assets.xcassets */; };
		CD7BE52A28203EC8006B0537 /* Preview Assets.xcassets in Resources */ = {isa = PBXBuildFile; fileRef = CD7BE52928203EC8006B0537 /* Preview Assets.xcassets */; };
		CD7BE53128203F53006B0537 /* DataManager.swift in Sources */ = {isa = PBXBuildFile; fileRef = CD7BE53028203F53006B0537 /* DataManager.swift */; };
		CD7BE53328203F64006B0537 /* Person.swift in Sources */ = {isa = PBXBuildFile; fileRef = CD7BE53228203F64006B0537 /* Person.swift */; };
		CD7BE53A2821AF5C006B0537 /* ContactList.swift in Sources */ = {isa = PBXBuildFile; fileRef = CD7BE5392821AF5C006B0537 /* ContactList.swift */; };
		CD7BE53C2821B068006B0537 /* ContactInfo.swift in Sources */ = {isa = PBXBuildFile; fileRef = CD7BE53B2821B068006B0537 /* ContactInfo.swift */; };
/* End PBXBuildFile section */

/* Begin PBXFileReference section */
		CD509A132821C91D00896F18 /* NumberList.swift */ = {isa = PBXFileReference; lastKnownFileType = sourcecode.swift; path = NumberList.swift; sourceTree = "<group>"; };
		CD7BE51F28203EC5006B0537 /* PersonsListSwiftUI.app */ = {isa = PBXFileReference; explicitFileType = wrapper.application; includeInIndex = 0; path = PersonsListSwiftUI.app; sourceTree = BUILT_PRODUCTS_DIR; };
		CD7BE52228203EC5006B0537 /* PersonsListSwiftUIApp.swift */ = {isa = PBXFileReference; lastKnownFileType = sourcecode.swift; path = PersonsListSwiftUIApp.swift; sourceTree = "<group>"; };
		CD7BE52428203EC5006B0537 /* ContentView.swift */ = {isa = PBXFileReference; lastKnownFileType = sourcecode.swift; path = ContentView.swift; sourceTree = "<group>"; };
		CD7BE52628203EC8006B0537 /* Assets.xcassets */ = {isa = PBXFileReference; lastKnownFileType = folder.assetcatalog; path = Assets.xcassets; sourceTree = "<group>"; };
		CD7BE52928203EC8006B0537 /* Preview Assets.xcassets */ = {isa = PBXFileReference; lastKnownFileType = folder.assetcatalog; path = "Preview Assets.xcassets"; sourceTree = "<group>"; };
		CD7BE53028203F53006B0537 /* DataManager.swift */ = {isa = PBXFileReference; lastKnownFileType = sourcecode.swift; path = DataManager.swift; sourceTree = "<group>"; };
		CD7BE53228203F64006B0537 /* Person.swift */ = {isa = PBXFileReference; lastKnownFileType = sourcecode.swift; path = Person.swift; sourceTree = "<group>"; };
		CD7BE5392821AF5C006B0537 /* ContactList.swift */ = {isa = PBXFileReference; lastKnownFileType = sourcecode.swift; path = ContactList.swift; sourceTree = "<group>"; };
		CD7BE53B2821B068006B0537 /* ContactInfo.swift */ = {isa = PBXFileReference; lastKnownFileType = sourcecode.swift; path = ContactInfo.swift; sourceTree = "<group>"; };
/* End PBXFileReference section */

/* Begin PBXFrameworksBuildPhase section */
		CD7BE51C28203EC5006B0537 /* Frameworks */ = {
			isa = PBXFrameworksBuildPhase;
			buildActionMask = 2147483647;
			files = (
			);
			runOnlyForDeploymentPostprocessing = 0;
		};
/* End PBXFrameworksBuildPhase section */

/* Begin PBXGroup section */
		CD7BE51628203EC5006B0537 = {
			isa = PBXGroup;
			children = (
				CD7BE52128203EC5006B0537 /* PersonsListSwiftUI */,
				CD7BE52028203EC5006B0537 /* Products */,
			);
			sourceTree = "<group>";
		};
		CD7BE52028203EC5006B0537 /* Products */ = {
			isa = PBXGroup;
			children = (
				CD7BE51F28203EC5006B0537 /* PersonsListSwiftUI.app */,
			);
			name = Products;
			sourceTree = "<group>";
		};
		CD7BE52128203EC5006B0537 /* PersonsListSwiftUI */ = {
			isa = PBXGroup;
			children = (
				CD7BE53628203F99006B0537 /* Views */,
				CD7BE53528203F86006B0537 /* Models */,
				CD7BE53428203F77006B0537 /* Services */,
				CD7BE53728203FB6006B0537 /* App */,
				CD7BE53828203FBF006B0537 /* Resources */,
				CD7BE52828203EC8006B0537 /* Preview Content */,
			);
			path = PersonsListSwiftUI;
			sourceTree = "<group>";
		};
		CD7BE52828203EC8006B0537 /* Preview Content */ = {
			isa = PBXGroup;
			children = (
				CD7BE52928203EC8006B0537 /* Preview Assets.xcassets */,
			);
			path = "Preview Content";
			sourceTree = "<group>";
		};
		CD7BE53428203F77006B0537 /* Services */ = {
			isa = PBXGroup;
			children = (
				CD7BE53028203F53006B0537 /* DataManager.swift */,
			);
			path = Services;
			sourceTree = "<group>";
		};
		CD7BE53528203F86006B0537 /* Models */ = {
			isa = PBXGroup;
			children = (
				CD7BE53228203F64006B0537 /* Person.swift */,
			);
			path = Models;
			sourceTree = "<group>";
		};
		CD7BE53628203F99006B0537 /* Views */ = {
			isa = PBXGroup;
			children = (
				CD7BE52428203EC5006B0537 /* ContentView.swift */,
				CD509A132821C91D00896F18 /* NumberList.swift */,
				CD7BE5392821AF5C006B0537 /* ContactList.swift */,
				CD7BE53B2821B068006B0537 /* ContactInfo.swift */,
			);
			path = Views;
			sourceTree = "<group>";
		};
		CD7BE53728203FB6006B0537 /* App */ = {
			isa = PBXGroup;
			children = (
				CD7BE52228203EC5006B0537 /* PersonsListSwiftUIApp.swift */,
			);
			path = App;
			sourceTree = "<group>";
		};
		CD7BE53828203FBF006B0537 /* Resources */ = {
			isa = PBXGroup;
			children = (
				CD7BE52628203EC8006B0537 /* Assets.xcassets */,
			);
			path = Resources;
			sourceTree = "<group>";
		};
/* End PBXGroup section */

/* Begin PBXNativeTarget section */
		CD7BE51E28203EC5006B0537 /* PersonsListSwiftUI */ = {
			isa = PBXNativeTarget;
			buildConfigurationList = CD7BE52D28203EC8006B0537 /* Build configuration list for PBXNativeTarget "PersonsListSwiftUI" */;
			buildPhases = (
				CD7BE51B28203EC5006B0537 /* Sources */,
				CD7BE51C28203EC5006B0537 /* Frameworks */,
				CD7BE51D28203EC5006B0537 /* Resources */,
			);
			buildRules = (
			);
			dependencies = (
			);
			name = PersonsListSwiftUI;
			productName = PersonsListSwiftUI;
			productReference = CD7BE51F28203EC5006B0537 /* PersonsListSwiftUI.app */;
			productType = "com.apple.product-type.application";
		};
/* End PBXNativeTarget section */

/* Begin PBXProject section */
		CD7BE51728203EC5006B0537 /* Project object */ = {
			isa = PBXProject;
			attributes = {
				BuildIndependentTargetsInParallel = 1;
				LastSwiftUpdateCheck = 1310;
				LastUpgradeCheck = 1310;
				TargetAttributes = {
					CD7BE51E28203EC5006B0537 = {
						CreatedOnToolsVersion = 13.1;
					};
				};
			};
			buildConfigurationList = CD7BE51A28203EC5006B0537 /* Build configuration list for PBXProject "PersonsListSwiftUI" */;
			compatibilityVersion = "Xcode 13.0";
			developmentRegion = en;
			hasScannedForEncodings = 0;
			knownRegions = (
				en,
				Base,
			);
			mainGroup = CD7BE51628203EC5006B0537;
			productRefGroup = CD7BE52028203EC5006B0537 /* Products */;
			projectDirPath = "";
			projectRoot = "";
			targets = (
				CD7BE51E28203EC5006B0537 /* PersonsListSwiftUI */,
			);
		};
/* End PBXProject section */

/* Begin PBXResourcesBuildPhase section */
		CD7BE51D28203EC5006B0537 /* Resources */ = {
			isa = PBXResourcesBuildPhase;
			buildActionMask = 2147483647;
			files = (
				CD7BE52A28203EC8006B0537 /* Preview Assets.xcassets in Resources */,
				CD7BE52728203EC8006B0537 /* Assets.xcassets in Resources */,
			);
			runOnlyForDeploymentPostprocessing = 0;
		};
/* End PBXResourcesBuildPhase section */

/* Begin PBXSourcesBuildPhase section */
		CD7BE51B28203EC5006B0537 /* Sources */ = {
			isa = PBXSourcesBuildPhase;
			buildActionMask = 2147483647;
			files = (
				CD7BE53C2821B068006B0537 /* ContactInfo.swift in Sources */,
				CD7BE52528203EC5006B0537 /* ContentView.swift in Sources */,
				CD509A142821C91D00896F18 /* NumberList.swift in Sources */,
				CD7BE53128203F53006B0537 /* DataManager.swift in Sources */,
				CD7BE53328203F64006B0537 /* Person.swift in Sources */,
				CD7BE52328203EC5006B0537 /* PersonsListSwiftUIApp.swift in Sources */,
				CD7BE53A2821AF5C006B0537 /* ContactList.swift in Sources */,
			);
			runOnlyForDeploymentPostprocessing = 0;
		};
/* End PBXSourcesBuildPhase section */

/* Begin XCBuildConfiguration section */
		CD7BE52B28203EC8006B0537 /* Debug */ = {
			isa = XCBuildConfiguration;
			buildSettings = {
				ALWAYS_SEARCH_USER_PATHS = NO;
				CLANG_ANALYZER_NONNULL = YES;
				CLANG_ANALYZER_NUMBER_OBJECT_CONVERSION = YES_AGGRESSIVE;
				CLANG_CXX_LANGUAGE_STANDARD = "gnu++17";
				CLANG_CXX_LIBRARY = "libc++";
				CLANG_ENABLE_MODULES = YES;
				CLANG_ENABLE_OBJC_ARC = YES;
				CLANG_ENABLE_OBJC_WEAK = YES;
				CLANG_WARN_BLOCK_CAPTURE_AUTORELEASING = YES;
				CLANG_WARN_BOOL_CONVERSION = YES;
				CLANG_WARN_COMMA = YES;
				CLANG_WARN_CONSTANT_CONVERSION = YES;
				CLANG_WARN_DEPRECATED_OBJC_IMPLEMENTATIONS = YES;
				CLANG_WARN_DIRECT_OBJC_ISA_USAGE = YES_ERROR;
				CLANG_WARN_DOCUMENTATION_COMMENTS = YES;
				CLANG_WARN_EMPTY_BODY = YES;
				CLANG_WARN_ENUM_CONVERSION = YES;
				CLANG_WARN_INFINITE_RECURSION = YES;
				CLANG_WARN_INT_CONVERSION = YES;
				CLANG_WARN_NON_LITERAL_NULL_CONVERSION = YES;
				CLANG_WARN_OBJC_IMPLICIT_RETAIN_SELF = YES;
				CLANG_WARN_OBJC_LITERAL_CONVERSION = YES;
				CLANG_WARN_OBJC_ROOT_CLASS = YES_ERROR;
				CLANG_WARN_QUOTED_INCLUDE_IN_FRAMEWORK_HEADER = YES;
				CLANG_WARN_RANGE_LOOP_ANALYSIS = YES;
				CLANG_WARN_STRICT_PROTOTYPES = YES;
				CLANG_WARN_SUSPICIOUS_MOVE = YES;
				CLANG_WARN_UNGUARDED_AVAILABILITY = YES_AGGRESSIVE;
				CLANG_WARN_UNREACHABLE_CODE = YES;
				CLANG_WARN__DUPLICATE_METHOD_MATCH = YES;
				COPY_PHASE_STRIP = NO;
				DEBUG_INFORMATION_FORMAT = dwarf;
				ENABLE_STRICT_OBJC_MSGSEND = YES;
				ENABLE_TESTABILITY = YES;
				GCC_C_LANGUAGE_STANDARD = gnu11;
				GCC_DYNAMIC_NO_PIC = NO;
				GCC_NO_COMMON_BLOCKS = YES;
				GCC_OPTIMIZATION_LEVEL = 0;
				GCC_PREPROCESSOR_DEFINITIONS = (
					"DEBUG=1",
					"$(inherited)",
				);
				GCC_WARN_64_TO_32_BIT_CONVERSION = YES;
				GCC_WARN_ABOUT_RETURN_TYPE = YES_ERROR;
				GCC_WARN_UNDECLARED_SELECTOR = YES;
				GCC_WARN_UNINITIALIZED_AUTOS = YES_AGGRESSIVE;
				GCC_WARN_UNUSED_FUNCTION = YES;
				GCC_WARN_UNUSED_VARIABLE = YES;
				IPHONEOS_DEPLOYMENT_TARGET = 15.0;
				MTL_ENABLE_DEBUG_INFO = INCLUDE_SOURCE;
				MTL_FAST_MATH = YES;
				ONLY_ACTIVE_ARCH = YES;
				SDKROOT = iphoneos;
				SWIFT_ACTIVE_COMPILATION_CONDITIONS = DEBUG;
				SWIFT_OPTIMIZATION_LEVEL = "-Onone";
			};
			name = Debug;
		};
		CD7BE52C28203EC8006B0537 /* Release */ = {
			isa = XCBuildConfiguration;
			buildSettings = {
				ALWAYS_SEARCH_USER_PATHS = NO;
				CLANG_ANALYZER_NONNULL = YES;
				CLANG_ANALYZER_NUMBER_OBJECT_CONVERSION = YES_AGGRESSIVE;
				CLANG_CXX_LANGUAGE_STANDARD = "gnu++17";
				CLANG_CXX_LIBRARY = "libc++";
				CLANG_ENABLE_MODULES = YES;
				CLANG_ENABLE_OBJC_ARC = YES;
				CLANG_ENABLE_OBJC_WEAK = YES;
				CLANG_WARN_BLOCK_CAPTURE_AUTORELEASING = YES;
				CLANG_WARN_BOOL_CONVERSION = YES;
				CLANG_WARN_COMMA = YES;
				CLANG_WARN_CONSTANT_CONVERSION = YES;
				CLANG_WARN_DEPRECATED_OBJC_IMPLEMENTATIONS = YES;
				CLANG_WARN_DIRECT_OBJC_ISA_USAGE = YES_ERROR;
				CLANG_WARN_DOCUMENTATION_COMMENTS = YES;
				CLANG_WARN_EMPTY_BODY = YES;
				CLANG_WARN_ENUM_CONVERSION = YES;
				CLANG_WARN_INFINITE_RECURSION = YES;
				CLANG_WARN_INT_CONVERSION = YES;
				CLANG_WARN_NON_LITERAL_NULL_CONVERSION = YES;
				CLANG_WARN_OBJC_IMPLICIT_RETAIN_SELF = YES;
				CLANG_WARN_OBJC_LITERAL_CONVERSION = YES;
				CLANG_WARN_OBJC_ROOT_CLASS = YES_ERROR;
				CLANG_WARN_QUOTED_INCLUDE_IN_FRAMEWORK_HEADER = YES;
				CLANG_WARN_RANGE_LOOP_ANALYSIS = YES;
				CLANG_WARN_STRICT_PROTOTYPES = YES;
				CLANG_WARN_SUSPICIOUS_MOVE = YES;
				CLANG_WARN_UNGUARDED_AVAILABILITY = YES_AGGRESSIVE;
				CLANG_WARN_UNREACHABLE_CODE = YES;
				CLANG_WARN__DUPLICATE_METHOD_MATCH = YES;
				COPY_PHASE_STRIP = NO;
				DEBUG_INFORMATION_FORMAT = "dwarf-with-dsym";
				ENABLE_NS_ASSERTIONS = NO;
				ENABLE_STRICT_OBJC_MSGSEND = YES;
				GCC_C_LANGUAGE_STANDARD = gnu11;
				GCC_NO_COMMON_BLOCKS = YES;
				GCC_WARN_64_TO_32_BIT_CONVERSION = YES;
				GCC_WARN_ABOUT_RETURN_TYPE = YES_ERROR;
				GCC_WARN_UNDECLARED_SELECTOR = YES;
				GCC_WARN_UNINITIALIZED_AUTOS = YES_AGGRESSIVE;
				GCC_WARN_UNUSED_FUNCTION = YES;
				GCC_WARN_UNUSED_VARIABLE = YES;
				IPHONEOS_DEPLOYMENT_TARGET = 15.0;
				MTL_ENABLE_DEBUG_INFO = NO;
				MTL_FAST_MATH = YES;
				SDKROOT = iphoneos;
				SWIFT_COMPILATION_MODE = wholemodule;
				SWIFT_OPTIMIZATION_LEVEL = "-O";
				VALIDATE_PRODUCT = YES;
			};
			name = Release;
		};
		CD7BE52E28203EC8006B0537 /* Debug */ = {
			isa = XCBuildConfiguration;
			buildSettings = {
				ASSETCATALOG_COMPILER_APPICON_NAME = AppIcon;
				ASSETCATALOG_COMPILER_GLOBAL_ACCENT_COLOR_NAME = AccentColor;
				CODE_SIGN_STYLE = Automatic;
				CURRENT_PROJECT_VERSION = 1;
				DEVELOPMENT_ASSET_PATHS = "\"PersonsListSwiftUI/Preview Content\"";
				DEVELOPMENT_TEAM = PM8F5XKSQ6;
				ENABLE_PREVIEWS = YES;
				GENERATE_INFOPLIST_FILE = YES;
				INFOPLIST_KEY_UIApplicationSceneManifest_Generation = YES;
				INFOPLIST_KEY_UIApplicationSupportsIndirectInputEvents = YES;
				INFOPLIST_KEY_UILaunchScreen_Generation = YES;
				INFOPLIST_KEY_UISupportedInterfaceOrientations_iPad = "UIInterfaceOrientationPortrait UIInterfaceOrientationPortraitUpsideDown UIInterfaceOrientationLandscapeLeft UIInterfaceOrientationLandscapeRight";
				INFOPLIST_KEY_UISupportedInterfaceOrientations_iPhone = "UIInterfaceOrientationPortrait UIInterfaceOrientationLandscapeLeft UIInterfaceOrientationLandscapeRight";
				LD_RUNPATH_SEARCH_PATHS = (
					"$(inherited)",
					"@executable_path/Frameworks",
				);
				MARKETING_VERSION = 1.0;
				PRODUCT_BUNDLE_IDENTIFIER = product.PersonsListSwiftUI;
				PRODUCT_NAME = "$(TARGET_NAME)";
				SWIFT_EMIT_LOC_STRINGS = YES;
				SWIFT_VERSION = 5.0;
				TARGETED_DEVICE_FAMILY = "1,2";
			};
			name = Debug;
		};
		CD7BE52F28203EC8006B0537 /* Release */ = {
			isa = XCBuildConfiguration;
			buildSettings = {
				ASSETCATALOG_COMPILER_APPICON_NAME = AppIcon;
				ASSETCATALOG_COMPILER_GLOBAL_ACCENT_COLOR_NAME = AccentColor;
				CODE_SIGN_STYLE = Automatic;
				CURRENT_PROJECT_VERSION = 1;
				DEVELOPMENT_ASSET_PATHS = "\"PersonsListSwiftUI/Preview Content\"";
				DEVELOPMENT_TEAM = PM8F5XKSQ6;
				ENABLE_PREVIEWS = YES;
				GENERATE_INFOPLIST_FILE = YES;
				INFOPLIST_KEY_UIApplicationSceneManifest_Generation = YES;
				INFOPLIST_KEY_UIApplicationSupportsIndirectInputEvents = YES;
				INFOPLIST_KEY_UILaunchScreen_Generation = YES;
				INFOPLIST_KEY_UISupportedInterfaceOrientations_iPad = "UIInterfaceOrientationPortrait UIInterfaceOrientationPortraitUpsideDown UIInterfaceOrientationLandscapeLeft UIInterfaceOrientationLandscapeRight";
				INFOPLIST_KEY_UISupportedInterfaceOrientations_iPhone = "UIInterfaceOrientationPortrait UIInterfaceOrientationLandscapeLeft UIInterfaceOrientationLandscapeRight";
				LD_RUNPATH_SEARCH_PATHS = (
					"$(inherited)",
					"@executable_path/Frameworks",
				);
				MARKETING_VERSION = 1.0;
				PRODUCT_BUNDLE_IDENTIFIER = product.PersonsListSwiftUI;
				PRODUCT_NAME = "$(TARGET_NAME)";
				SWIFT_EMIT_LOC_STRINGS = YES;
				SWIFT_VERSION = 5.0;
				TARGETED_DEVICE_FAMILY = "1,2";
			};
			name = Release;
		};
/* End XCBuildConfiguration section */

/* Begin XCConfigurationList section */
		CD7BE51A28203EC5006B0537 /* Build configuration list for PBXProject "PersonsListSwiftUI" */ = {
			isa = XCConfigurationList;
			buildConfigurations = (
				CD7BE52B28203EC8006B0537 /* Debug */,
				CD7BE52C28203EC8006B0537 /* Release */,
			);
			defaultConfigurationIsVisible = 0;
			defaultConfigurationName = Release;
		};
		CD7BE52D28203EC8006B0537 /* Build configuration list for PBXNativeTarget "PersonsListSwiftUI" */ = {
			isa = XCConfigurationList;
			buildConfigurations = (
				CD7BE52E28203EC8006B0537 /* Debug */,
				CD7BE52F28203EC8006B0537 /* Release */,
			);
			defaultConfigurationIsVisible = 0;
			defaultConfigurationName = Release;
		};
/* End XCConfigurationList section */
	};
	rootObject = CD7BE51728203EC5006B0537 /* Project object */;
}
